
Microsoft Visual Studio Solution File, Format Version 12.00
# Visual Studio 2012
Project("{F184B08F-C81C-45F6-A57F-5ABD9991F28F}") = "Presentation", "Presentation\Presentation.vbproj", "{44EA5A73-FF64-40A0-9C51-80710D6F62EA}"
EndProject
Project("{F184B08F-C81C-45F6-A57F-5ABD9991F28F}") = "Domain", "Domain\Domain.vbproj", "{31D9F74E-5487-45D9-97B8-5DC391A0461E}"
EndProject
Project("{F184B08F-C81C-45F6-A57F-5ABD9991F28F}") = "DataAccess", "DataAccess\DataAccess.vbproj", "{D7DB5A43-AF4E-43FC-820E-15D1AA8CBFA1}"
EndProject
Project("{F184B08F-C81C-45F6-A57F-5ABD9991F28F}") = "Common", "Common\Common.vbproj", "{FE3E52AE-1FEC-4F25-B5DC-43F713523D5D}"
EndProject
Global
	GlobalSection(SolutionConfigurationPlatforms) = preSolution
		Debug|Any CPU = Debug|Any CPU
		Release|Any CPU = Release|Any CPU
	EndGlobalSection
	GlobalSection(ProjectConfigurationPlatforms) = postSolution
		{44EA5A73-FF64-40A0-9C51-80710D6F62EA}.Debug|Any CPU.ActiveCfg = Debug|Any CPU
		{44EA5A73-FF64-40A0-9C51-80710D6F62EA}.Debug|Any CPU.Build.0 = Debug|Any CPU
		{44EA5A73-FF64-40A0-9C51-80710D6F62EA}.Release|Any CPU.ActiveCfg = Release|Any CPU
		{44EA5A73-FF64-40A0-9C51-80710D6F62EA}.Release|Any CPU.Build.0 = Release|Any CPU
		{31D9F74E-5487-45D9-97B8-5DC391A0461E}.Debug|Any CPU.ActiveCfg = Debug|Any CPU
		{31D9F74E-5487-45D9-97B8-5DC391A0461E}.Debug|Any CPU.Build.0 = Debug|Any CPU
		{31D9F74E-5487-45D9-97B8-5DC391A0461E}.Release|Any CPU.ActiveCfg = Release|Any CPU
		{31D9F74E-5487-45D9-97B8-5DC391A0461E}.Release|Any CPU.Build.0 = Release|Any CPU
		{D7DB5A43-AF4E-43FC-820E-15D1AA8CBFA1}.Debug|Any CPU.ActiveCfg = Debug|Any CPU
		{D7DB5A43-AF4E-43FC-820E-15D1AA8CBFA1}.Debug|Any CPU.Build.0 = Debug|Any CPU
		{D7DB5A43-AF4E-43FC-820E-15D1AA8CBFA1}.Release|Any CPU.ActiveCfg = Release|Any CPU
		{D7DB5A43-AF4E-43FC-820E-15D1AA8CBFA1}.Release|Any CPU.Build.0 = Release|Any CPU
		{FE3E52AE-1FEC-4F25-B5DC-43F713523D5D}.Debug|Any CPU.ActiveCfg = Debug|Any CPU
		{FE3E52AE-1FEC-4F25-B5DC-43F713523D5D}.Debug|Any CPU.Build.0 = Debug|Any CPU
		{FE3E52AE-1FEC-4F25-B5DC-43F713523D5D}.Release|Any CPU.ActiveCfg = Release|Any CPU
		{FE3E52AE-1FEC-4F25-B5DC-43F713523D5D}.Release|Any CPU.Build.0 = Release|Any CPU
	EndGlobalSection
	GlobalSection(SolutionProperties) = preSolution
		HideSolutionNode = FALSE
	EndGlobalSection
EndGlobal
